// !$*UTF8*$!
{
	archiveVersion = 1;
	classes = {
	};
	objectVersion = 48;
	objects = {

/* Begin PBXBuildFile section */
		5438D203208EF65D005D684E /* AppDelegate.swift in Sources */ = {isa = PBXBuildFile; fileRef = 5438D202208EF65D005D684E /* AppDelegate.swift */; };
		5438D205208EF65D005D684E /* ViewController.swift in Sources */ = {isa = PBXBuildFile; fileRef = 5438D204208EF65D005D684E /* ViewController.swift */; };
		5438D208208EF65D005D684E /* Main.storyboard in Resources */ = {isa = PBXBuildFile; fileRef = 5438D206208EF65D005D684E /* Main.storyboard */; };
		5438D20A208EF65D005D684E /* Assets.xcassets in Resources */ = {isa = PBXBuildFile; fileRef = 5438D209208EF65D005D684E /* Assets.xcassets */; };
		5438D20D208EF65D005D684E /* LaunchScreen.storyboard in Resources */ = {isa = PBXBuildFile; fileRef = 5438D20B208EF65D005D684E /* LaunchScreen.storyboard */; };
		5438D218208EF65D005D684E /* DragViewTests.swift in Sources */ = {isa = PBXBuildFile; fileRef = 5438D217208EF65D005D684E /* DragViewTests.swift */; };
		5438D223208EF65D005D684E /* DragViewUITests.swift in Sources */ = {isa = PBXBuildFile; fileRef = 5438D222208EF65D005D684E /* DragViewUITests.swift */; };
		5438D231208EF6C0005D684E /* Link.jpg in Resources */ = {isa = PBXBuildFile; fileRef = 5438D230208EF6C0005D684E /* Link.jpg */; };
		5438D233208EF8E1005D684E /* Draggable.swift in Sources */ = {isa = PBXBuildFile; fileRef = 5438D232208EF8E1005D684E /* Draggable.swift */; };
		5438D235208EF91C005D684E /* DraggableManager.swift in Sources */ = {isa = PBXBuildFile; fileRef = 5438D234208EF91C005D684E /* DraggableManager.swift */; };
		5438D237208EFD43005D684E /* DraggableImageView.swift in Sources */ = {isa = PBXBuildFile; fileRef = 5438D236208EFD43005D684E /* DraggableImageView.swift */; };
		54E1FF1E208F012D0025ACA6 /* DroppableView.swift in Sources */ = {isa = PBXBuildFile; fileRef = 54E1FF1D208F012D0025ACA6 /* DroppableView.swift */; };
/* End PBXBuildFile section */

/* Begin PBXContainerItemProxy section */
		5438D214208EF65D005D684E /* PBXContainerItemProxy */ = {
			isa = PBXContainerItemProxy;
			containerPortal = 5438D1F7208EF65D005D684E /* Project object */;
			proxyType = 1;
			remoteGlobalIDString = 5438D1FE208EF65D005D684E;
			remoteInfo = DragView;
		};
		5438D21F208EF65D005D684E /* PBXContainerItemProxy */ = {
			isa = PBXContainerItemProxy;
			containerPortal = 5438D1F7208EF65D005D684E /* Project object */;
			proxyType = 1;
			remoteGlobalIDString = 5438D1FE208EF65D005D684E;
			remoteInfo = DragView;
		};
/* End PBXContainerItemProxy section */

/* Begin PBXFileReference section */
		5438D1FF208EF65D005D684E /* DragView.app */ = {isa = PBXFileReference; explicitFileType = wrapper.application; includeInIndex = 0; path = DragView.app; sourceTree = BUILT_PRODUCTS_DIR; };
		5438D202208EF65D005D684E /* AppDelegate.swift */ = {isa = PBXFileReference; lastKnownFileType = sourcecode.swift; path = AppDelegate.swift; sourceTree = "<group>"; };
		5438D204208EF65D005D684E /* ViewController.swift */ = {isa = PBXFileReference; lastKnownFileType = sourcecode.swift; path = ViewController.swift; sourceTree = "<group>"; };
		5438D207208EF65D005D684E /* Base */ = {isa = PBXFileReference; lastKnownFileType = file.storyboard; name = Base; path = Base.lproj/Main.storyboard; sourceTree = "<group>"; };
		5438D209208EF65D005D684E /* Assets.xcassets */ = {isa = PBXFileReference; lastKnownFileType = folder.assetcatalog; path = Assets.xcassets; sourceTree = "<group>"; };
		5438D20C208EF65D005D684E /* Base */ = {isa = PBXFileReference; lastKnownFileType = file.storyboard; name = Base; path = Base.lproj/LaunchScreen.storyboard; sourceTree = "<group>"; };
		5438D20E208EF65D005D684E /* Info.plist */ = {isa = PBXFileReference; lastKnownFileType = text.plist.xml; path = Info.plist; sourceTree = "<group>"; };
		5438D213208EF65D005D684E /* DragViewTests.xctest */ = {isa = PBXFileReference; explicitFileType = wrapper.cfbundle; includeInIndex = 0; path = DragViewTests.xctest; sourceTree = BUILT_PRODUCTS_DIR; };
		5438D217208EF65D005D684E /* DragViewTests.swift */ = {isa = PBXFileReference; lastKnownFileType = sourcecode.swift; path = DragViewTests.swift; sourceTree = "<group>"; };
		5438D219208EF65D005D684E /* Info.plist */ = {isa = PBXFileReference; lastKnownFileType = text.plist.xml; path = Info.plist; sourceTree = "<group>"; };
		5438D21E208EF65D005D684E /* DragViewUITests.xctest */ = {isa = PBXFileReference; explicitFileType = wrapper.cfbundle; includeInIndex = 0; path = DragViewUITests.xctest; sourceTree = BUILT_PRODUCTS_DIR; };
		5438D222208EF65D005D684E /* DragViewUITests.swift */ = {isa = PBXFileReference; lastKnownFileType = sourcecode.swift; path = DragViewUITests.swift; sourceTree = "<group>"; };
		5438D224208EF65D005D684E /* Info.plist */ = {isa = PBXFileReference; lastKnownFileType = text.plist.xml; path = Info.plist; sourceTree = "<group>"; };
		5438D230208EF6C0005D684E /* Link.jpg */ = {isa = PBXFileReference; lastKnownFileType = image.jpeg; path = Link.jpg; sourceTree = "<group>"; };
		5438D232208EF8E1005D684E /* Draggable.swift */ = {isa = PBXFileReference; lastKnownFileType = sourcecode.swift; path = Draggable.swift; sourceTree = "<group>"; };
		5438D234208EF91C005D684E /* DraggableManager.swift */ = {isa = PBXFileReference; lastKnownFileType = sourcecode.swift; path = DraggableManager.swift; sourceTree = "<group>"; };
		5438D236208EFD43005D684E /* DraggableImageView.swift */ = {isa = PBXFileReference; lastKnownFileType = sourcecode.swift; path = DraggableImageView.swift; sourceTree = "<group>"; };
		54E1FF1D208F012D0025ACA6 /* DroppableView.swift */ = {isa = PBXFileReference; lastKnownFileType = sourcecode.swift; path = DroppableView.swift; sourceTree = "<group>"; };
/* End PBXFileReference section */

/* Begin PBXFrameworksBuildPhase section */
		5438D1FC208EF65D005D684E /* Frameworks */ = {
			isa = PBXFrameworksBuildPhase;
			buildActionMask = 2147483647;
			files = (
			);
			runOnlyForDeploymentPostprocessing = 0;
		};
		5438D210208EF65D005D684E /* Frameworks */ = {
			isa = PBXFrameworksBuildPhase;
			buildActionMask = 2147483647;
			files = (
			);
			runOnlyForDeploymentPostprocessing = 0;
		};
		5438D21B208EF65D005D684E /* Frameworks */ = {
			isa = PBXFrameworksBuildPhase;
			buildActionMask = 2147483647;
			files = (
			);
			runOnlyForDeploymentPostprocessing = 0;
		};
/* End PBXFrameworksBuildPhase section */

/* Begin PBXGroup section */
		5438D1F6208EF65D005D684E = {
			isa = PBXGroup;
			children = (
				5438D201208EF65D005D684E /* DragView */,
				5438D216208EF65D005D684E /* DragViewTests */,
				5438D221208EF65D005D684E /* DragViewUITests */,
				5438D200208EF65D005D684E /* Products */,
			);
			sourceTree = "<group>";
		};
		5438D200208EF65D005D684E /* Products */ = {
			isa = PBXGroup;
			children = (
				5438D1FF208EF65D005D684E /* DragView.app */,
				5438D213208EF65D005D684E /* DragViewTests.xctest */,
				5438D21E208EF65D005D684E /* DragViewUITests.xctest */,
			);
			name = Products;
			sourceTree = "<group>";
		};
		5438D201208EF65D005D684E /* DragView */ = {
			isa = PBXGroup;
			children = (
				5438D202208EF65D005D684E /* AppDelegate.swift */,
				5438D204208EF65D005D684E /* ViewController.swift */,
				5438D206208EF65D005D684E /* Main.storyboard */,
				5438D209208EF65D005D684E /* Assets.xcassets */,
				5438D20B208EF65D005D684E /* LaunchScreen.storyboard */,
				5438D20E208EF65D005D684E /* Info.plist */,
				5438D230208EF6C0005D684E /* Link.jpg */,
				5438D232208EF8E1005D684E /* Draggable.swift */,
				5438D234208EF91C005D684E /* DraggableManager.swift */,
				5438D236208EFD43005D684E /* DraggableImageView.swift */,
				54E1FF1D208F012D0025ACA6 /* DroppableView.swift */,
			);
			path = DragView;
			sourceTree = "<group>";
		};
		5438D216208EF65D005D684E /* DragViewTests */ = {
			isa = PBXGroup;
			children = (
				5438D217208EF65D005D684E /* DragViewTests.swift */,
				5438D219208EF65D005D684E /* Info.plist */,
			);
			path = DragViewTests;
			sourceTree = "<group>";
		};
		5438D221208EF65D005D684E /* DragViewUITests */ = {
			isa = PBXGroup;
			children = (
				5438D222208EF65D005D684E /* DragViewUITests.swift */,
				5438D224208EF65D005D684E /* Info.plist */,
			);
			path = DragViewUITests;
			sourceTree = "<group>";
		};
/* End PBXGroup section */

/* Begin PBXNativeTarget section */
		5438D1FE208EF65D005D684E /* DragView */ = {
			isa = PBXNativeTarget;
			buildConfigurationList = 5438D227208EF65D005D684E /* Build configuration list for PBXNativeTarget "DragView" */;
			buildPhases = (
				5438D1FB208EF65D005D684E /* Sources */,
				5438D1FC208EF65D005D684E /* Frameworks */,
				5438D1FD208EF65D005D684E /* Resources */,
			);
			buildRules = (
			);
			dependencies = (
			);
			name = DragView;
			productName = DragView;
			productReference = 5438D1FF208EF65D005D684E /* DragView.app */;
			productType = "com.apple.product-type.application";
		};
		5438D212208EF65D005D684E /* DragViewTests */ = {
			isa = PBXNativeTarget;
			buildConfigurationList = 5438D22A208EF65D005D684E /* Build configuration list for PBXNativeTarget "DragViewTests" */;
			buildPhases = (
				5438D20F208EF65D005D684E /* Sources */,
				5438D210208EF65D005D684E /* Frameworks */,
				5438D211208EF65D005D684E /* Resources */,
			);
			buildRules = (
			);
			dependencies = (
				5438D215208EF65D005D684E /* PBXTargetDependency */,
			);
			name = DragViewTests;
			productName = DragViewTests;
			productReference = 5438D213208EF65D005D684E /* DragViewTests.xctest */;
			productType = "com.apple.product-type.bundle.unit-test";
		};
		5438D21D208EF65D005D684E /* DragViewUITests */ = {
			isa = PBXNativeTarget;
			buildConfigurationList = 5438D22D208EF65D005D684E /* Build configuration list for PBXNativeTarget "DragViewUITests" */;
			buildPhases = (
				5438D21A208EF65D005D684E /* Sources */,
				5438D21B208EF65D005D684E /* Frameworks */,
				5438D21C208EF65D005D684E /* Resources */,
			);
			buildRules = (
			);
			dependencies = (
				5438D220208EF65D005D684E /* PBXTargetDependency */,
			);
			name = DragViewUITests;
			productName = DragViewUITests;
			productReference = 5438D21E208EF65D005D684E /* DragViewUITests.xctest */;
			productType = "com.apple.product-type.bundle.ui-testing";
		};
/* End PBXNativeTarget section */

/* Begin PBXProject section */
		5438D1F7208EF65D005D684E /* Project object */ = {
			isa = PBXProject;
			attributes = {
				LastSwiftUpdateCheck = 0920;
				LastUpgradeCheck = 0920;
				ORGANIZATIONNAME = "Aldo Antonio Martinez Avalos";
				TargetAttributes = {
					5438D1FE208EF65D005D684E = {
						CreatedOnToolsVersion = 9.2;
						ProvisioningStyle = Automatic;
					};
					5438D212208EF65D005D684E = {
						CreatedOnToolsVersion = 9.2;
						ProvisioningStyle = Automatic;
						TestTargetID = 5438D1FE208EF65D005D684E;
					};
					5438D21D208EF65D005D684E = {
						CreatedOnToolsVersion = 9.2;
						ProvisioningStyle = Automatic;
						TestTargetID = 5438D1FE208EF65D005D684E;
					};
				};
			};
			buildConfigurationList = 5438D1FA208EF65D005D684E /* Build configuration list for PBXProject "DragView" */;
			compatibilityVersion = "Xcode 8.0";
			developmentRegion = en;
			hasScannedForEncodings = 0;
			knownRegions = (
				en,
				Base,
			);
			mainGroup = 5438D1F6208EF65D005D684E;
			productRefGroup = 5438D200208EF65D005D684E /* Products */;
			projectDirPath = "";
			projectRoot = "";
			targets = (
				5438D1FE208EF65D005D684E /* DragView */,
				5438D212208EF65D005D684E /* DragViewTests */,
				5438D21D208EF65D005D684E /* DragViewUITests */,
			);
		};
/* End PBXProject section */

/* Begin PBXResourcesBuildPhase section */
		5438D1FD208EF65D005D684E /* Resources */ = {
			isa = PBXResourcesBuildPhase;
			buildActionMask = 2147483647;
			files = (
				5438D20D208EF65D005D684E /* LaunchScreen.storyboard in Resources */,
				5438D231208EF6C0005D684E /* Link.jpg in Resources */,
				5438D20A208EF65D005D684E /* Assets.xcassets in Resources */,
				5438D208208EF65D005D684E /* Main.storyboard in Resources */,
			);
			runOnlyForDeploymentPostprocessing = 0;
		};
		5438D211208EF65D005D684E /* Resources */ = {
			isa = PBXResourcesBuildPhase;
			buildActionMask = 2147483647;
			files = (
			);
			runOnlyForDeploymentPostprocessing = 0;
		};
		5438D21C208EF65D005D684E /* Resources */ = {
			isa = PBXResourcesBuildPhase;
			buildActionMask = 2147483647;
			files = (
			);
			runOnlyForDeploymentPostprocessing = 0;
		};
/* End PBXResourcesBuildPhase section */

/* Begin PBXSourcesBuildPhase section */
		5438D1FB208EF65D005D684E /* Sources */ = {
			isa = PBXSourcesBuildPhase;
			buildActionMask = 2147483647;
			files = (
				54E1FF1E208F012D0025ACA6 /* DroppableView.swift in Sources */,
				5438D233208EF8E1005D684E /* Draggable.swift in Sources */,
				5438D237208EFD43005D684E /* DraggableImageView.swift in Sources */,
				5438D235208EF91C005D684E /* DraggableManager.swift in Sources */,
				5438D205208EF65D005D684E /* ViewController.swift in Sources */,
				5438D203208EF65D005D684E /* AppDelegate.swift in Sources */,
			);
			runOnlyForDeploymentPostprocessing = 0;
		};
		5438D20F208EF65D005D684E /* Sources */ = {
			isa = PBXSourcesBuildPhase;
			buildActionMask = 2147483647;
			files = (
				5438D218208EF65D005D684E /* DragViewTests.swift in Sources */,
			);
			runOnlyForDeploymentPostprocessing = 0;
		};
		5438D21A208EF65D005D684E /* Sources */ = {
			isa = PBXSourcesBuildPhase;
			buildActionMask = 2147483647;
			files = (
				5438D223208EF65D005D684E /* DragViewUITests.swift in Sources */,
			);
			runOnlyForDeploymentPostprocessing = 0;
		};
/* End PBXSourcesBuildPhase section */

/* Begin PBXTargetDependency section */
		5438D215208EF65D005D684E /* PBXTargetDependency */ = {
			isa = PBXTargetDependency;
			target = 5438D1FE208EF65D005D684E /* DragView */;
			targetProxy = 5438D214208EF65D005D684E /* PBXContainerItemProxy */;
		};
		5438D220208EF65D005D684E /* PBXTargetDependency */ = {
			isa = PBXTargetDependency;
			target = 5438D1FE208EF65D005D684E /* DragView */;
			targetProxy = 5438D21F208EF65D005D684E /* PBXContainerItemProxy */;
		};
/* End PBXTargetDependency section */

/* Begin PBXVariantGroup section */
		5438D206208EF65D005D684E /* Main.storyboard */ = {
			isa = PBXVariantGroup;
			children = (
				5438D207208EF65D005D684E /* Base */,
			);
			name = Main.storyboard;
			sourceTree = "<group>";
		};
		5438D20B208EF65D005D684E /* LaunchScreen.storyboard */ = {
			isa = PBXVariantGroup;
			children = (
				5438D20C208EF65D005D684E /* Base */,
			);
			name = LaunchScreen.storyboard;
			sourceTree = "<group>";
		};
/* End PBXVariantGroup section */

/* Begin XCBuildConfiguration section */
		5438D225208EF65D005D684E /* Debug */ = {
			isa = XCBuildConfiguration;
			buildSettings = {
				ALWAYS_SEARCH_USER_PATHS = NO;
				CLANG_ANALYZER_NONNULL = YES;
				CLANG_ANALYZER_NUMBER_OBJECT_CONVERSION = YES_AGGRESSIVE;
				CLANG_CXX_LANGUAGE_STANDARD = "gnu++14";
				CLANG_CXX_LIBRARY = "libc++";
				CLANG_ENABLE_MODULES = YES;
				CLANG_ENABLE_OBJC_ARC = YES;
				CLANG_WARN_BLOCK_CAPTURE_AUTORELEASING = YES;
				CLANG_WARN_BOOL_CONVERSION = YES;
				CLANG_WARN_COMMA = YES;
				CLANG_WARN_CONSTANT_CONVERSION = YES;
				CLANG_WARN_DIRECT_OBJC_ISA_USAGE = YES_ERROR;
				CLANG_WARN_DOCUMENTATION_COMMENTS = YES;
				CLANG_WARN_EMPTY_BODY = YES;
				CLANG_WARN_ENUM_CONVERSION = YES;
				CLANG_WARN_INFINITE_RECURSION = YES;
				CLANG_WARN_INT_CONVERSION = YES;
				CLANG_WARN_NON_LITERAL_NULL_CONVERSION = YES;
				CLANG_WARN_OBJC_LITERAL_CONVERSION = YES;
				CLANG_WARN_OBJC_ROOT_CLASS = YES_ERROR;
				CLANG_WARN_RANGE_LOOP_ANALYSIS = YES;
				CLANG_WARN_STRICT_PROTOTYPES = YES;
				CLANG_WARN_SUSPICIOUS_MOVE = YES;
				CLANG_WARN_UNGUARDED_AVAILABILITY = YES_AGGRESSIVE;
				CLANG_WARN_UNREACHABLE_CODE = YES;
				CLANG_WARN__DUPLICATE_METHOD_MATCH = YES;
				CODE_SIGN_IDENTITY = "iPhone Developer";
				COPY_PHASE_STRIP = NO;
				DEBUG_INFORMATION_FORMAT = dwarf;
				ENABLE_STRICT_OBJC_MSGSEND = YES;
				ENABLE_TESTABILITY = YES;
				GCC_C_LANGUAGE_STANDARD = gnu11;
				GCC_DYNAMIC_NO_PIC = NO;
				GCC_NO_COMMON_BLOCKS = YES;
				GCC_OPTIMIZATION_LEVEL = 0;
				GCC_PREPROCESSOR_DEFINITIONS = (
					"DEBUG=1",
					"$(inherited)",
				);
				GCC_WARN_64_TO_32_BIT_CONVERSION = YES;
				GCC_WARN_ABOUT_RETURN_TYPE = YES_ERROR;
				GCC_WARN_UNDECLARED_SELECTOR = YES;
				GCC_WARN_UNINITIALIZED_AUTOS = YES_AGGRESSIVE;
				GCC_WARN_UNUSED_FUNCTION = YES;
				GCC_WARN_UNUSED_VARIABLE = YES;
				IPHONEOS_DEPLOYMENT_TARGET = 11.2;
				MTL_ENABLE_DEBUG_INFO = YES;
				ONLY_ACTIVE_ARCH = YES;
				SDKROOT = iphoneos;
				SWIFT_ACTIVE_COMPILATION_CONDITIONS = DEBUG;
				SWIFT_OPTIMIZATION_LEVEL = "-Onone";
			};
			name = Debug;
		};
		5438D226208EF65D005D684E /* Release */ = {
			isa = XCBuildConfiguration;
			buildSettings = {
				ALWAYS_SEARCH_USER_PATHS = NO;
				CLANG_ANALYZER_NONNULL = YES;
				CLANG_ANALYZER_NUMBER_OBJECT_CONVERSION = YES_AGGRESSIVE;
				CLANG_CXX_LANGUAGE_STANDARD = "gnu++14";
				CLANG_CXX_LIBRARY = "libc++";
				CLANG_ENABLE_MODULES = YES;
				CLANG_ENABLE_OBJC_ARC = YES;
				CLANG_WARN_BLOCK_CAPTURE_AUTORELEASING = YES;
				CLANG_WARN_BOOL_CONVERSION = YES;
				CLANG_WARN_COMMA = YES;
				CLANG_WARN_CONSTANT_CONVERSION = YES;
				CLANG_WARN_DIRECT_OBJC_ISA_USAGE = YES_ERROR;
				CLANG_WARN_DOCUMENTATION_COMMENTS = YES;
				CLANG_WARN_EMPTY_BODY = YES;
				CLANG_WARN_ENUM_CONVERSION = YES;
				CLANG_WARN_INFINITE_RECURSION = YES;
				CLANG_WARN_INT_CONVERSION = YES;
				CLANG_WARN_NON_LITERAL_NULL_CONVERSION = YES;
				CLANG_WARN_OBJC_LITERAL_CONVERSION = YES;
				CLANG_WARN_OBJC_ROOT_CLASS = YES_ERROR;
				CLANG_WARN_RANGE_LOOP_ANALYSIS = YES;
				CLANG_WARN_STRICT_PROTOTYPES = YES;
				CLANG_WARN_SUSPICIOUS_MOVE = YES;
				CLANG_WARN_UNGUARDED_AVAILABILITY = YES_AGGRESSIVE;
				CLANG_WARN_UNREACHABLE_CODE = YES;
				CLANG_WARN__DUPLICATE_METHOD_MATCH = YES;
				CODE_SIGN_IDENTITY = "iPhone Developer";
				COPY_PHASE_STRIP = NO;
				DEBUG_INFORMATION_FORMAT = "dwarf-with-dsym";
				ENABLE_NS_ASSERTIONS = NO;
				ENABLE_STRICT_OBJC_MSGSEND = YES;
				GCC_C_LANGUAGE_STANDARD = gnu11;
				GCC_NO_COMMON_BLOCKS = YES;
				GCC_WARN_64_TO_32_BIT_CONVERSION = YES;
				GCC_WARN_ABOUT_RETURN_TYPE = YES_ERROR;
				GCC_WARN_UNDECLARED_SELECTOR = YES;
				GCC_WARN_UNINITIALIZED_AUTOS = YES_AGGRESSIVE;
				GCC_WARN_UNUSED_FUNCTION = YES;
				GCC_WARN_UNUSED_VARIABLE = YES;
				IPHONEOS_DEPLOYMENT_TARGET = 11.2;
				MTL_ENABLE_DEBUG_INFO = NO;
				SDKROOT = iphoneos;
				SWIFT_OPTIMIZATION_LEVEL = "-Owholemodule";
				VALIDATE_PRODUCT = YES;
			};
			name = Release;
		};
		5438D228208EF65D005D684E /* Debug */ = {
			isa = XCBuildConfiguration;
			buildSettings = {
				ASSETCATALOG_COMPILER_APPICON_NAME = AppIcon;
				CODE_SIGN_STYLE = Automatic;
				DEVELOPMENT_TEAM = BC7GNY758G;
				INFOPLIST_FILE = DragView/Info.plist;
				LD_RUNPATH_SEARCH_PATHS = "$(inherited) @executable_path/Frameworks";
				PRODUCT_BUNDLE_IDENTIFIER = aavalosmt.DragView;
				PRODUCT_NAME = "$(TARGET_NAME)";
				SWIFT_VERSION = 4.0;
				TARGETED_DEVICE_FAMILY = "1,2";
			};
			name = Debug;
		};
		5438D229208EF65D005D684E /* Release */ = {
			isa = XCBuildConfiguration;
			buildSettings = {
				ASSETCATALOG_COMPILER_APPICON_NAME = AppIcon;
				CODE_SIGN_STYLE = Automatic;
				DEVELOPMENT_TEAM = BC7GNY758G;
				INFOPLIST_FILE = DragView/Info.plist;
				LD_RUNPATH_SEARCH_PATHS = "$(inherited) @executable_path/Frameworks";
				PRODUCT_BUNDLE_IDENTIFIER = aavalosmt.DragView;
				PRODUCT_NAME = "$(TARGET_NAME)";
				SWIFT_VERSION = 4.0;
				TARGETED_DEVICE_FAMILY = "1,2";
			};
			name = Release;
		};
		5438D22B208EF65D005D684E /* Debug */ = {
			isa = XCBuildConfiguration;
			buildSettings = {
				ALWAYS_EMBED_SWIFT_STANDARD_LIBRARIES = YES;
				BUNDLE_LOADER = "$(TEST_HOST)";
				CODE_SIGN_STYLE = Automatic;
				INFOPLIST_FILE = DragViewTests/Info.plist;
				LD_RUNPATH_SEARCH_PATHS = "$(inherited) @executable_path/Frameworks @loader_path/Frameworks";
				PRODUCT_BUNDLE_IDENTIFIER = aavalosmt.DragViewTests;
				PRODUCT_NAME = "$(TARGET_NAME)";
				SWIFT_VERSION = 4.0;
				TARGETED_DEVICE_FAMILY = "1,2";
				TEST_HOST = "$(BUILT_PRODUCTS_DIR)/DragView.app/DragView";
			};
			name = Debug;
		};
		5438D22C208EF65D005D684E /* Release */ = {
			isa = XCBuildConfiguration;
			buildSettings = {
				ALWAYS_EMBED_SWIFT_STANDARD_LIBRARIES = YES;
				BUNDLE_LOADER = "$(TEST_HOST)";
				CODE_SIGN_STYLE = Automatic;
				INFOPLIST_FILE = DragViewTests/Info.plist;
				LD_RUNPATH_SEARCH_PATHS = "$(inherited) @executable_path/Frameworks @loader_path/Frameworks";
				PRODUCT_BUNDLE_IDENTIFIER = aavalosmt.DragViewTests;
				PRODUCT_NAME = "$(TARGET_NAME)";
				SWIFT_VERSION = 4.0;
				TARGETED_DEVICE_FAMILY = "1,2";
				TEST_HOST = "$(BUILT_PRODUCTS_DIR)/DragView.app/DragView";
			};
			name = Release;
		};
		5438D22E208EF65D005D684E /* Debug */ = {
			isa = XCBuildConfiguration;
			buildSettings = {
				ALWAYS_EMBED_SWIFT_STANDARD_LIBRARIES = YES;
				CODE_SIGN_STYLE = Automatic;
				INFOPLIST_FILE = DragViewUITests/Info.plist;
				LD_RUNPATH_SEARCH_PATHS = "$(inherited) @executable_path/Frameworks @loader_path/Frameworks";
				PRODUCT_BUNDLE_IDENTIFIER = aavalosmt.DragViewUITests;
				PRODUCT_NAME = "$(TARGET_NAME)";
				SWIFT_VERSION = 4.0;
				TARGETED_DEVICE_FAMILY = "1,2";
				TEST_TARGET_NAME = DragView;
			};
			name = Debug;
		};
		5438D22F208EF65D005D684E /* Release */ = {
			isa = XCBuildConfiguration;
			buildSettings = {
				ALWAYS_EMBED_SWIFT_STANDARD_LIBRARIES = YES;
				CODE_SIGN_STYLE = Automatic;
				INFOPLIST_FILE = DragViewUITests/Info.plist;
				LD_RUNPATH_SEARCH_PATHS = "$(inherited) @executable_path/Frameworks @loader_path/Frameworks";
				PRODUCT_BUNDLE_IDENTIFIER = aavalosmt.DragViewUITests;
				PRODUCT_NAME = "$(TARGET_NAME)";
				SWIFT_VERSION = 4.0;
				TARGETED_DEVICE_FAMILY = "1,2";
				TEST_TARGET_NAME = DragView;
			};
			name = Release;
		};
/* End XCBuildConfiguration section */

/* Begin XCConfigurationList section */
		5438D1FA208EF65D005D684E /* Build configuration list for PBXProject "DragView" */ = {
			isa = XCConfigurationList;
			buildConfigurations = (
				5438D225208EF65D005D684E /* Debug */,
				5438D226208EF65D005D684E /* Release */,
			);
			defaultConfigurationIsVisible = 0;
			defaultConfigurationName = Release;
		};
		5438D227208EF65D005D684E /* Build configuration list for PBXNativeTarget "DragView" */ = {
			isa = XCConfigurationList;
			buildConfigurations = (
				5438D228208EF65D005D684E /* Debug */,
				5438D229208EF65D005D684E /* Release */,
			);
			defaultConfigurationIsVisible = 0;
			defaultConfigurationName = Release;
		};
		5438D22A208EF65D005D684E /* Build configuration list for PBXNativeTarget "DragViewTests" */ = {
			isa = XCConfigurationList;
			buildConfigurations = (
				5438D22B208EF65D005D684E /* Debug */,
				5438D22C208EF65D005D684E /* Release */,
			);
			defaultConfigurationIsVisible = 0;
			defaultConfigurationName = Release;
		};
		5438D22D208EF65D005D684E /* Build configuration list for PBXNativeTarget "DragViewUITests" */ = {
			isa = XCConfigurationList;
			buildConfigurations = (
				5438D22E208EF65D005D684E /* Debug */,
				5438D22F208EF65D005D684E /* Release */,
			);
			defaultConfigurationIsVisible = 0;
			defaultConfigurationName = Release;
		};
/* End XCConfigurationList section */
	};
	rootObject = 5438D1F7208EF65D005D684E /* Project object */;
}
